
Microsoft Visual Studio Solution File, Format Version 12.00
# Visual Studio Version 17
VisualStudioVersion = 17.10.35122.118
MinimumVisualStudioVersion = 10.0.40219.1
Project("{FAE04EC0-301F-11D3-BF4B-00C04F79EFBC}") = "QLTK_NRO", "QLTK_NRO\QLTK_NRO.csproj", "{159F8DB5-EE1F-4548-8430-489445C19A95}"
EndProject
Global
	GlobalSection(SolutionConfigurationPlatforms) = preSolution
		Debug|Any CPU = Debug|Any CPU
		Release|Any CPU = Release|Any CPU
	EndGlobalSection
	GlobalSection(ProjectConfigurationPlatforms) = postSolution
		{159F8DB5-EE1F-4548-8430-489445C19A95}.Debug|Any CPU.ActiveCfg = Debug|Any CPU
		{159F8DB5-EE1F-4548-8430-489445C19A95}.Debug|Any CPU.Build.0 = Debug|Any CPU
		{159F8DB5-EE1F-4548-8430-489445C19A95}.Release|Any CPU.ActiveCfg = Release|Any CPU
		{159F8DB5-EE1F-4548-8430-489445C19A95}.Release|Any CPU.Build.0 = Release|Any CPU
	EndGlobalSection
	GlobalSection(SolutionProperties) = preSolution
		HideSolutionNode = FALSE
	EndGlobalSection
	GlobalSection(ExtensibilityGlobals) = postSolution
		SolutionGuid = {5635472A-1ED0-4853-8612-C48674080C34}
	EndGlobalSection
EndGlobal
